
Microsoft Visual Studio Solution File, Format Version 12.00
# Visual Studio Version 16
VisualStudioVersion = 16.0.31729.503
MinimumVisualStudioVersion = 10.0.40219.1
Project("{FAE04EC0-301F-11D3-BF4B-00C04F79EFBC}") = "AspNetCoreMVCProjetFinal", "AspNetCoreMVCProjetFinal.csproj", "{C5BC121A-424A-4A0B-A8C8-A64C6FBD4EA6}"
EndProject
Global
	GlobalSection(SolutionConfigurationPlatforms) = preSolution
		Debug|Any CPU = Debug|Any CPU
		Release|Any CPU = Release|Any CPU
	EndGlobalSection
	GlobalSection(ProjectConfigurationPlatforms) = postSolution
		{C5BC121A-424A-4A0B-A8C8-A64C6FBD4EA6}.Debug|Any CPU.ActiveCfg = Debug|Any CPU
		{C5BC121A-424A-4A0B-A8C8-A64C6FBD4EA6}.Debug|Any CPU.Build.0 = Debug|Any CPU
		{C5BC121A-424A-4A0B-A8C8-A64C6FBD4EA6}.Release|Any CPU.ActiveCfg = Release|Any CPU
		{C5BC121A-424A-4A0B-A8C8-A64C6FBD4EA6}.Release|Any CPU.Build.0 = Release|Any CPU
	EndGlobalSection
	GlobalSection(SolutionProperties) = preSolution
		HideSolutionNode = FALSE
	EndGlobalSection
	GlobalSection(ExtensibilityGlobals) = postSolution
		SolutionGuid = {23A8A411-F149-4833-9720-6401DF04992B}
	EndGlobalSection
EndGlobal
